{
  "name": "esbuild-plugin-importmap",
  "version": "0.1.0",
  "lockfileVersion": 2,
  "requires": true,
  "packages": {
    "": {
      "version": "0.1.0",
      "license": "MIT",
      "dependencies": {
        "deno-importmap": "^0.1.0"
      },
      "devDependencies": {
        "esbuild": "^0.8.29"
      }
    },
    "node_modules/@types/node": {
      "version": "14.14.20",
      "resolved": "https://registry.npmjs.org/@types/node/-/node-14.14.20.tgz",
      "integrity": "sha512-Y93R97Ouif9JEOWPIUyU+eyIdyRqQR0I8Ez1dzku4hDx34NWh4HbtIc3WNzwB1Y9ULvNGeu5B8h8bVL5cAk4/A=="
    },
    "node_modules/deno-importmap": {
      "version": "0.1.0",
      "resolved": "https://registry.npmjs.org/deno-importmap/-/deno-importmap-0.1.0.tgz",
      "integrity": "sha512-G3HKVk4pERTjqQQ9IooSuy70ZcAbcx5nXv2PNKK3NS0KJ2vH33V3sWuzwDnYFGWVgAxc8xcWFVbpheiPBgn8FQ==",
      "dependencies": {
        "@types/node": "^14.14.11"
      }
    },
    "node_modules/esbuild": {
      "version": "0.8.29",
      "resolved": "https://registry.npmjs.org/esbuild/-/esbuild-0.8.29.tgz",
      "integrity": "sha512-UDsEoeXuctVgG2hEts1Hwq2jYDGqV7nksEHEZaiCy2v+lXF5ButX4ErPAJAFi5ZNKKW+6Pom93pArV7hki6HnQ==",
      "dev": true,
      "hasInstallScript": true,
      "bin": {
        "esbuild": "bin/esbuild"
      }
    }
  },
  "dependencies": {
    "@types/node": {
      "version": "14.14.20",
      "resolved": "https://registry.npmjs.org/@types/node/-/node-14.14.20.tgz",
      "integrity": "sha512-Y93R97Ouif9JEOWPIUyU+eyIdyRqQR0I8Ez1dzku4hDx34NWh4HbtIc3WNzwB1Y9ULvNGeu5B8h8bVL5cAk4/A=="
    },
    "deno-importmap": {
      "version": "0.1.0",
      "resolved": "https://registry.npmjs.org/deno-importmap/-/deno-importmap-0.1.0.tgz",
      "integrity": "sha512-G3HKVk4pERTjqQQ9IooSuy70ZcAbcx5nXv2PNKK3NS0KJ2vH33V3sWuzwDnYFGWVgAxc8xcWFVbpheiPBgn8FQ==",
      "requires": {
        "@types/node": "^14.14.11"
      }
    },
    "esbuild": {
      "version": "0.8.29",
      "resolved": "https://registry.npmjs.org/esbuild/-/esbuild-0.8.29.tgz",
      "integrity": "sha512-UDsEoeXuctVgG2hEts1Hwq2jYDGqV7nksEHEZaiCy2v+lXF5ButX4ErPAJAFi5ZNKKW+6Pom93pArV7hki6HnQ==",
      "dev": true
    }
  }
}
